// !$*UTF8*$!
{
	archiveVersion = 1;
	classes = {
	};
	objectVersion = 46;
	objects = {

/* Begin PBXBuildFile section */
		CA82D0AF1ED31FB900B079E4 /* AppDelegate.swift in Sources */ = {isa = PBXBuildFile; fileRef = CA82D0AE1ED31FB900B079E4 /* AppDelegate.swift */; };
		CA82D0B11ED31FB900B079E4 /* ViewController.swift in Sources */ = {isa = PBXBuildFile; fileRef = CA82D0B01ED31FB900B079E4 /* ViewController.swift */; };
		CA82D0B31ED31FB900B079E4 /* Assets.xcassets in Resources */ = {isa = PBXBuildFile; fileRef = CA82D0B21ED31FB900B079E4 /* Assets.xcassets */; };
		CA82D0C41ED325E700B079E4 /* MainMenu.xib in Resources */ = {isa = PBXBuildFile; fileRef = CA82D0C31ED325E700B079E4 /* MainMenu.xib */; };
		CAEEFBFC1EE2017D007DD443 /* cryptocoins.ttf in CopyFiles */ = {isa = PBXBuildFile; fileRef = CAEEFBFB1EE2017D007DD443 /* cryptocoins.ttf */; settings = {ATTRIBUTES = (CodeSignOnCopy, ); }; };
/* End PBXBuildFile section */

/* Begin PBXCopyFilesBuildPhase section */
		CAEEFBFA1EE20152007DD443 /* CopyFiles */ = {
			isa = PBXCopyFilesBuildPhase;
			buildActionMask = 2147483647;
			dstPath = Fonts;
			dstSubfolderSpec = 7;
			files = (
				CAEEFBFC1EE2017D007DD443 /* cryptocoins.ttf in CopyFiles */,
			);
			runOnlyForDeploymentPostprocessing = 0;
		};
/* End PBXCopyFilesBuildPhase section */

/* Begin PBXFileReference section */
		CA73E4451EE2314A00736DC3 /* screenshot.png */ = {isa = PBXFileReference; lastKnownFileType = image.png; path = screenshot.png; sourceTree = "<group>"; };
		CA82D0AB1ED31FB900B079E4 /* iCoinTicker.app */ = {isa = PBXFileReference; explicitFileType = wrapper.application; includeInIndex = 0; path = iCoinTicker.app; sourceTree = BUILT_PRODUCTS_DIR; };
		CA82D0AE1ED31FB900B079E4 /* AppDelegate.swift */ = {isa = PBXFileReference; lastKnownFileType = sourcecode.swift; path = AppDelegate.swift; sourceTree = "<group>"; };
		CA82D0B01ED31FB900B079E4 /* ViewController.swift */ = {isa = PBXFileReference; lastKnownFileType = sourcecode.swift; path = ViewController.swift; sourceTree = "<group>"; };
		CA82D0B21ED31FB900B079E4 /* Assets.xcassets */ = {isa = PBXFileReference; lastKnownFileType = folder.assetcatalog; path = Assets.xcassets; sourceTree = "<group>"; };
		CA82D0B71ED31FB900B079E4 /* Info.plist */ = {isa = PBXFileReference; lastKnownFileType = text.plist.xml; path = Info.plist; sourceTree = "<group>"; };
		CA82D0C31ED325E700B079E4 /* MainMenu.xib */ = {isa = PBXFileReference; fileEncoding = 4; lastKnownFileType = file.xib; path = MainMenu.xib; sourceTree = "<group>"; };
		CA82D0C51ED327BF00B079E4 /* README.md */ = {isa = PBXFileReference; lastKnownFileType = net.daringfireball.markdown; path = README.md; sourceTree = "<group>"; };
		CAEEFBFB1EE2017D007DD443 /* cryptocoins.ttf */ = {isa = PBXFileReference; lastKnownFileType = file; name = cryptocoins.ttf; path = ../cryptocoins.ttf; sourceTree = "<group>"; };
/* End PBXFileReference section */

/* Begin PBXFrameworksBuildPhase section */
		CA82D0A81ED31FB900B079E4 /* Frameworks */ = {
			isa = PBXFrameworksBuildPhase;
			buildActionMask = 2147483647;
			files = (
			);
			runOnlyForDeploymentPostprocessing = 0;
		};
/* End PBXFrameworksBuildPhase section */

/* Begin PBXGroup section */
		CA73E4441EE2171300736DC3 /* Fonts */ = {
			isa = PBXGroup;
			children = (
				CAEEFBFB1EE2017D007DD443 /* cryptocoins.ttf */,
			);
			name = Fonts;
			sourceTree = "<group>";
		};
		CA82D0A21ED31FB900B079E4 = {
			isa = PBXGroup;
			children = (
				CA82D0C51ED327BF00B079E4 /* README.md */,
				CA82D0AD1ED31FB900B079E4 /* iCoinTicker */,
				CA82D0AC1ED31FB900B079E4 /* Products */,
				CA73E4451EE2314A00736DC3 /* screenshot.png */,
			);
			sourceTree = "<group>";
		};
		CA82D0AC1ED31FB900B079E4 /* Products */ = {
			isa = PBXGroup;
			children = (
				CA82D0AB1ED31FB900B079E4 /* iCoinTicker.app */,
			);
			name = Products;
			sourceTree = "<group>";
		};
		CA82D0AD1ED31FB900B079E4 /* iCoinTicker */ = {
			isa = PBXGroup;
			children = (
				CA73E4441EE2171300736DC3 /* Fonts */,
				CA82D0AE1ED31FB900B079E4 /* AppDelegate.swift */,
				CA82D0B01ED31FB900B079E4 /* ViewController.swift */,
				CA82D0B21ED31FB900B079E4 /* Assets.xcassets */,
				CA82D0B71ED31FB900B079E4 /* Info.plist */,
				CA82D0C31ED325E700B079E4 /* MainMenu.xib */,
			);
			path = iCoinTicker;
			sourceTree = "<group>";
		};
/* End PBXGroup section */

/* Begin PBXNativeTarget section */
		CA82D0AA1ED31FB900B079E4 /* iCoinTicker */ = {
			isa = PBXNativeTarget;
			buildConfigurationList = CA82D0BA1ED31FB900B079E4 /* Build configuration list for PBXNativeTarget "iCoinTicker" */;
			buildPhases = (
				CA82D0A71ED31FB900B079E4 /* Sources */,
				CA82D0A81ED31FB900B079E4 /* Frameworks */,
				CA82D0A91ED31FB900B079E4 /* Resources */,
				CAEEFBFA1EE20152007DD443 /* CopyFiles */,
			);
			buildRules = (
			);
			dependencies = (
			);
			name = iCoinTicker;
			productName = iCoinTicker;
			productReference = CA82D0AB1ED31FB900B079E4 /* iCoinTicker.app */;
			productType = "com.apple.product-type.application";
		};
/* End PBXNativeTarget section */

/* Begin PBXProject section */
		CA82D0A31ED31FB900B079E4 /* Project object */ = {
			isa = PBXProject;
			attributes = {
				LastSwiftUpdateCheck = 0830;
				LastUpgradeCheck = 0830;
				ORGANIZATIONNAME = Moimz;
				TargetAttributes = {
					CA82D0AA1ED31FB900B079E4 = {
						CreatedOnToolsVersion = 8.3.2;
						DevelopmentTeam = YTHZ842387;
						ProvisioningStyle = Automatic;
					};
				};
			};
			buildConfigurationList = CA82D0A61ED31FB900B079E4 /* Build configuration list for PBXProject "iCoinTicker" */;
			compatibilityVersion = "Xcode 3.2";
			developmentRegion = English;
			hasScannedForEncodings = 0;
			knownRegions = (
				en,
				Base,
			);
			mainGroup = CA82D0A21ED31FB900B079E4;
			productRefGroup = CA82D0AC1ED31FB900B079E4 /* Products */;
			projectDirPath = "";
			projectRoot = "";
			targets = (
				CA82D0AA1ED31FB900B079E4 /* iCoinTicker */,
			);
		};
/* End PBXProject section */

/* Begin PBXResourcesBuildPhase section */
		CA82D0A91ED31FB900B079E4 /* Resources */ = {
			isa = PBXResourcesBuildPhase;
			buildActionMask = 2147483647;
			files = (
				CA82D0B31ED31FB900B079E4 /* Assets.xcassets in Resources */,
				CA82D0C41ED325E700B079E4 /* MainMenu.xib in Resources */,
			);
			runOnlyForDeploymentPostprocessing = 0;
		};
/* End PBXResourcesBuildPhase section */

/* Begin PBXSourcesBuildPhase section */
		CA82D0A71ED31FB900B079E4 /* Sources */ = {
			isa = PBXSourcesBuildPhase;
			buildActionMask = 2147483647;
			files = (
				CA82D0B11ED31FB900B079E4 /* ViewController.swift in Sources */,
				CA82D0AF1ED31FB900B079E4 /* AppDelegate.swift in Sources */,
			);
			runOnlyForDeploymentPostprocessing = 0;
		};
/* End PBXSourcesBuildPhase section */

/* Begin XCBuildConfiguration section */
		CA82D0B81ED31FB900B079E4 /* Debug */ = {
			isa = XCBuildConfiguration;
			buildSettings = {
				ALWAYS_SEARCH_USER_PATHS = NO;
				CLANG_ANALYZER_NONNULL = YES;
				CLANG_ANALYZER_NUMBER_OBJECT_CONVERSION = YES_AGGRESSIVE;
				CLANG_CXX_LANGUAGE_STANDARD = "gnu++0x";
				CLANG_CXX_LIBRARY = "libc++";
				CLANG_ENABLE_MODULES = YES;
				CLANG_ENABLE_OBJC_ARC = YES;
				CLANG_WARN_BOOL_CONVERSION = YES;
				CLANG_WARN_CONSTANT_CONVERSION = YES;
				CLANG_WARN_DIRECT_OBJC_ISA_USAGE = YES_ERROR;
				CLANG_WARN_DOCUMENTATION_COMMENTS = YES;
				CLANG_WARN_EMPTY_BODY = YES;
				CLANG_WARN_ENUM_CONVERSION = YES;
				CLANG_WARN_INFINITE_RECURSION = YES;
				CLANG_WARN_INT_CONVERSION = YES;
				CLANG_WARN_OBJC_ROOT_CLASS = YES_ERROR;
				CLANG_WARN_SUSPICIOUS_MOVE = YES;
				CLANG_WARN_UNREACHABLE_CODE = YES;
				CLANG_WARN__DUPLICATE_METHOD_MATCH = YES;
				CODE_SIGN_IDENTITY = "-";
				COPY_PHASE_STRIP = NO;
				DEBUG_INFORMATION_FORMAT = dwarf;
				ENABLE_STRICT_OBJC_MSGSEND = YES;
				ENABLE_TESTABILITY = YES;
				GCC_C_LANGUAGE_STANDARD = gnu99;
				GCC_DYNAMIC_NO_PIC = NO;
				GCC_NO_COMMON_BLOCKS = YES;
				GCC_OPTIMIZATION_LEVEL = 0;
				GCC_PREPROCESSOR_DEFINITIONS = (
					"DEBUG=1",
					"$(inherited)",
				);
				GCC_WARN_64_TO_32_BIT_CONVERSION = YES;
				GCC_WARN_ABOUT_RETURN_TYPE = YES_ERROR;
				GCC_WARN_UNDECLARED_SELECTOR = YES;
				GCC_WARN_UNINITIALIZED_AUTOS = YES_AGGRESSIVE;
				GCC_WARN_UNUSED_FUNCTION = YES;
				GCC_WARN_UNUSED_VARIABLE = YES;
				MACOSX_DEPLOYMENT_TARGET = 10.12;
				MTL_ENABLE_DEBUG_INFO = YES;
				ONLY_ACTIVE_ARCH = YES;
				SDKROOT = macosx;
				SWIFT_ACTIVE_COMPILATION_CONDITIONS = DEBUG;
				SWIFT_OPTIMIZATION_LEVEL = "-Onone";
			};
			name = Debug;
		};
		CA82D0B91ED31FB900B079E4 /* Release */ = {
			isa = XCBuildConfiguration;
			buildSettings = {
				ALWAYS_SEARCH_USER_PATHS = NO;
				CLANG_ANALYZER_NONNULL = YES;
				CLANG_ANALYZER_NUMBER_OBJECT_CONVERSION = YES_AGGRESSIVE;
				CLANG_CXX_LANGUAGE_STANDARD = "gnu++0x";
				CLANG_CXX_LIBRARY = "libc++";
				CLANG_ENABLE_MODULES = YES;
				CLANG_ENABLE_OBJC_ARC = YES;
				CLANG_WARN_BOOL_CONVERSION = YES;
				CLANG_WARN_CONSTANT_CONVERSION = YES;
				CLANG_WARN_DIRECT_OBJC_ISA_USAGE = YES_ERROR;
				CLANG_WARN_DOCUMENTATION_COMMENTS = YES;
				CLANG_WARN_EMPTY_BODY = YES;
				CLANG_WARN_ENUM_CONVERSION = YES;
				CLANG_WARN_INFINITE_RECURSION = YES;
				CLANG_WARN_INT_CONVERSION = YES;
				CLANG_WARN_OBJC_ROOT_CLASS = YES_ERROR;
				CLANG_WARN_SUSPICIOUS_MOVE = YES;
				CLANG_WARN_UNREACHABLE_CODE = YES;
				CLANG_WARN__DUPLICATE_METHOD_MATCH = YES;
				CODE_SIGN_IDENTITY = "-";
				COPY_PHASE_STRIP = NO;
				DEBUG_INFORMATION_FORMAT = "dwarf-with-dsym";
				ENABLE_NS_ASSERTIONS = NO;
				ENABLE_STRICT_OBJC_MSGSEND = YES;
				GCC_C_LANGUAGE_STANDARD = gnu99;
				GCC_NO_COMMON_BLOCKS = YES;
				GCC_WARN_64_TO_32_BIT_CONVERSION = YES;
				GCC_WARN_ABOUT_RETURN_TYPE = YES_ERROR;
				GCC_WARN_UNDECLARED_SELECTOR = YES;
				GCC_WARN_UNINITIALIZED_AUTOS = YES_AGGRESSIVE;
				GCC_WARN_UNUSED_FUNCTION = YES;
				GCC_WARN_UNUSED_VARIABLE = YES;
				MACOSX_DEPLOYMENT_TARGET = 10.12;
				MTL_ENABLE_DEBUG_INFO = NO;
				SDKROOT = macosx;
				SWIFT_OPTIMIZATION_LEVEL = "-Owholemodule";
			};
			name = Release;
		};
		CA82D0BB1ED31FB900B079E4 /* Debug */ = {
			isa = XCBuildConfiguration;
			buildSettings = {
				ASSETCATALOG_COMPILER_APPICON_NAME = AppIcon;
				CODE_SIGN_IDENTITY = "Mac Developer";
				COMBINE_HIDPI_IMAGES = YES;
				DEVELOPMENT_TEAM = YTHZ842387;
				INFOPLIST_FILE = iCoinTicker/Info.plist;
				LD_RUNPATH_SEARCH_PATHS = "$(inherited) @executable_path/../Frameworks";
				MACOSX_DEPLOYMENT_TARGET = 10.12;
				PRODUCT_BUNDLE_IDENTIFIER = com.moimz.iCoinTicker;
				PRODUCT_NAME = "$(TARGET_NAME)";
				PROVISIONING_PROFILE_SPECIFIER = "";
				SWIFT_VERSION = 3.0;
			};
			name = Debug;
		};
		CA82D0BC1ED31FB900B079E4 /* Release */ = {
			isa = XCBuildConfiguration;
			buildSettings = {
				ASSETCATALOG_COMPILER_APPICON_NAME = AppIcon;
				CODE_SIGN_IDENTITY = "Mac Developer";
				COMBINE_HIDPI_IMAGES = YES;
				DEVELOPMENT_TEAM = YTHZ842387;
				INFOPLIST_FILE = iCoinTicker/Info.plist;
				LD_RUNPATH_SEARCH_PATHS = "$(inherited) @executable_path/../Frameworks";
				MACOSX_DEPLOYMENT_TARGET = 10.12;
				PRODUCT_BUNDLE_IDENTIFIER = com.moimz.iCoinTicker;
				PRODUCT_NAME = "$(TARGET_NAME)";
				PROVISIONING_PROFILE_SPECIFIER = "";
				SWIFT_VERSION = 3.0;
			};
			name = Release;
		};
/* End XCBuildConfiguration section */

/* Begin XCConfigurationList section */
		CA82D0A61ED31FB900B079E4 /* Build configuration list for PBXProject "iCoinTicker" */ = {
			isa = XCConfigurationList;
			buildConfigurations = (
				CA82D0B81ED31FB900B079E4 /* Debug */,
				CA82D0B91ED31FB900B079E4 /* Release */,
			);
			defaultConfigurationIsVisible = 0;
			defaultConfigurationName = Release;
		};
		CA82D0BA1ED31FB900B079E4 /* Build configuration list for PBXNativeTarget "iCoinTicker" */ = {
			isa = XCConfigurationList;
			buildConfigurations = (
				CA82D0BB1ED31FB900B079E4 /* Debug */,
				CA82D0BC1ED31FB900B079E4 /* Release */,
			);
			defaultConfigurationIsVisible = 0;
			defaultConfigurationName = Release;
		};
/* End XCConfigurationList section */
	};
	rootObject = CA82D0A31ED31FB900B079E4 /* Project object */;
}
